
Microsoft Visual Studio Solution File, Format Version 12.00
# Visual Studio Version 17
VisualStudioVersion = 17.8.34330.188
MinimumVisualStudioVersion = 10.0.40219.1
Project("{9A19103F-16F7-4668-BE54-9A1E7A4F7556}") = "Swos.Domain", "Swos.Domain\Swos.Domain.csproj", "{BA8041A1-CC2B-450D-A0B7-1B4E789E9705}"
EndProject
Project("{9A19103F-16F7-4668-BE54-9A1E7A4F7556}") = "Swos.Console", "Swos.Console\Swos.Console.csproj", "{AB7036B6-63F8-4AC1-AF5D-6DF90619DA44}"
EndProject
Project("{2150E333-8FDC-42A3-9474-1A3956D46DE8}") = "Common", "Common", "{4A7855D0-0DCF-4287-848A-EC4B94465EE5}"
EndProject
Project("{9A19103F-16F7-4668-BE54-9A1E7A4F7556}") = "Common.OptionalExtension", "Common\Common.OptionalExtension\Common.OptionalExtension.csproj", "{8315CE52-D835-468F-AFC2-04C8D108C133}"
EndProject
Project("{9A19103F-16F7-4668-BE54-9A1E7A4F7556}") = "Common.Logging", "Common\Common.Logging\Common.Logging.csproj", "{294CB511-03D5-4DE3-81B8-80C7C6A2DD40}"
EndProject
Project("{9A19103F-16F7-4668-BE54-9A1E7A4F7556}") = "Common.Database", "Common\Common.Database\Common.Database.csproj", "{81F02866-2998-44FF-A143-8D441D6768D3}"
EndProject
Project("{2150E333-8FDC-42A3-9474-1A3956D46DE8}") = "CareerMod", "CareerMod", "{E4E1E57D-6231-411F-8DCF-E78B417385DF}"
EndProject
Project("{9A19103F-16F7-4668-BE54-9A1E7A4F7556}") = "Swos.CareerMod", "CareerMod\Swos.CareerMod\Swos.CareerMod.csproj", "{38C324C6-1693-4787-A431-B937DBED4E5F}"
EndProject
Project("{9A19103F-16F7-4668-BE54-9A1E7A4F7556}") = "Swos.CareerMod.Database", "CareerMod\Swos.CareerMod.Database\Swos.CareerMod.Database.csproj", "{159A3E0E-26C5-41AD-898E-DD62822099E3}"
EndProject
Project("{9A19103F-16F7-4668-BE54-9A1E7A4F7556}") = "Swos.CareerMod.Database.Sqlite", "CareerMod\Swos.CareerMod.Database.Sqlite\Swos.CareerMod.Database.Sqlite.csproj", "{3447171D-DF31-44AD-B7A7-1BA0FB7BF1B6}"
EndProject
Project("{9A19103F-16F7-4668-BE54-9A1E7A4F7556}") = "Swos.CareerMod.Domain", "CareerMod\Swos.CareerMod.Domain\Swos.CareerMod.Domain.csproj", "{17FC6A97-C35F-48E3-AA17-EEAE40B54ED9}"
EndProject
Project("{9A19103F-16F7-4668-BE54-9A1E7A4F7556}") = "Common.OptionalExtension.Json", "Common\Common.OptionalExtension.Json\Common.OptionalExtension.Json.csproj", "{21738D02-84A5-4EA1-9984-00C6521F1854}"
EndProject
Project("{9A19103F-16F7-4668-BE54-9A1E7A4F7556}") = "Common.RandomExtension", "Common\Common.RandomExtension\Common.RandomExtension.csproj", "{FD48538D-6CBC-4713-AA94-7CD14D4A6C47}"
EndProject
Global
	GlobalSection(SolutionConfigurationPlatforms) = preSolution
		Debug|Any CPU = Debug|Any CPU
		Release|Any CPU = Release|Any CPU
	EndGlobalSection
	GlobalSection(ProjectConfigurationPlatforms) = postSolution
		{BA8041A1-CC2B-450D-A0B7-1B4E789E9705}.Debug|Any CPU.ActiveCfg = Debug|Any CPU
		{BA8041A1-CC2B-450D-A0B7-1B4E789E9705}.Debug|Any CPU.Build.0 = Debug|Any CPU
		{BA8041A1-CC2B-450D-A0B7-1B4E789E9705}.Release|Any CPU.ActiveCfg = Release|Any CPU
		{BA8041A1-CC2B-450D-A0B7-1B4E789E9705}.Release|Any CPU.Build.0 = Release|Any CPU
		{AB7036B6-63F8-4AC1-AF5D-6DF90619DA44}.Debug|Any CPU.ActiveCfg = Debug|Any CPU
		{AB7036B6-63F8-4AC1-AF5D-6DF90619DA44}.Debug|Any CPU.Build.0 = Debug|Any CPU
		{AB7036B6-63F8-4AC1-AF5D-6DF90619DA44}.Release|Any CPU.ActiveCfg = Release|Any CPU
		{AB7036B6-63F8-4AC1-AF5D-6DF90619DA44}.Release|Any CPU.Build.0 = Release|Any CPU
		{8315CE52-D835-468F-AFC2-04C8D108C133}.Debug|Any CPU.ActiveCfg = Debug|Any CPU
		{8315CE52-D835-468F-AFC2-04C8D108C133}.Debug|Any CPU.Build.0 = Debug|Any CPU
		{8315CE52-D835-468F-AFC2-04C8D108C133}.Release|Any CPU.ActiveCfg = Release|Any CPU
		{8315CE52-D835-468F-AFC2-04C8D108C133}.Release|Any CPU.Build.0 = Release|Any CPU
		{294CB511-03D5-4DE3-81B8-80C7C6A2DD40}.Debug|Any CPU.ActiveCfg = Debug|Any CPU
		{294CB511-03D5-4DE3-81B8-80C7C6A2DD40}.Debug|Any CPU.Build.0 = Debug|Any CPU
		{294CB511-03D5-4DE3-81B8-80C7C6A2DD40}.Release|Any CPU.ActiveCfg = Release|Any CPU
		{294CB511-03D5-4DE3-81B8-80C7C6A2DD40}.Release|Any CPU.Build.0 = Release|Any CPU
		{81F02866-2998-44FF-A143-8D441D6768D3}.Debug|Any CPU.ActiveCfg = Debug|Any CPU
		{81F02866-2998-44FF-A143-8D441D6768D3}.Debug|Any CPU.Build.0 = Debug|Any CPU
		{81F02866-2998-44FF-A143-8D441D6768D3}.Release|Any CPU.ActiveCfg = Release|Any CPU
		{81F02866-2998-44FF-A143-8D441D6768D3}.Release|Any CPU.Build.0 = Release|Any CPU
		{38C324C6-1693-4787-A431-B937DBED4E5F}.Debug|Any CPU.ActiveCfg = Debug|Any CPU
		{38C324C6-1693-4787-A431-B937DBED4E5F}.Debug|Any CPU.Build.0 = Debug|Any CPU
		{38C324C6-1693-4787-A431-B937DBED4E5F}.Release|Any CPU.ActiveCfg = Release|Any CPU
		{38C324C6-1693-4787-A431-B937DBED4E5F}.Release|Any CPU.Build.0 = Release|Any CPU
		{159A3E0E-26C5-41AD-898E-DD62822099E3}.Debug|Any CPU.ActiveCfg = Debug|Any CPU
		{159A3E0E-26C5-41AD-898E-DD62822099E3}.Debug|Any CPU.Build.0 = Debug|Any CPU
		{159A3E0E-26C5-41AD-898E-DD62822099E3}.Release|Any CPU.ActiveCfg = Release|Any CPU
		{159A3E0E-26C5-41AD-898E-DD62822099E3}.Release|Any CPU.Build.0 = Release|Any CPU
		{3447171D-DF31-44AD-B7A7-1BA0FB7BF1B6}.Debug|Any CPU.ActiveCfg = Debug|Any CPU
		{3447171D-DF31-44AD-B7A7-1BA0FB7BF1B6}.Debug|Any CPU.Build.0 = Debug|Any CPU
		{3447171D-DF31-44AD-B7A7-1BA0FB7BF1B6}.Release|Any CPU.ActiveCfg = Release|Any CPU
		{3447171D-DF31-44AD-B7A7-1BA0FB7BF1B6}.Release|Any CPU.Build.0 = Release|Any CPU
		{17FC6A97-C35F-48E3-AA17-EEAE40B54ED9}.Debug|Any CPU.ActiveCfg = Debug|Any CPU
		{17FC6A97-C35F-48E3-AA17-EEAE40B54ED9}.Debug|Any CPU.Build.0 = Debug|Any CPU
		{17FC6A97-C35F-48E3-AA17-EEAE40B54ED9}.Release|Any CPU.ActiveCfg = Release|Any CPU
		{17FC6A97-C35F-48E3-AA17-EEAE40B54ED9}.Release|Any CPU.Build.0 = Release|Any CPU
		{21738D02-84A5-4EA1-9984-00C6521F1854}.Debug|Any CPU.ActiveCfg = Debug|Any CPU
		{21738D02-84A5-4EA1-9984-00C6521F1854}.Debug|Any CPU.Build.0 = Debug|Any CPU
		{21738D02-84A5-4EA1-9984-00C6521F1854}.Release|Any CPU.ActiveCfg = Release|Any CPU
		{21738D02-84A5-4EA1-9984-00C6521F1854}.Release|Any CPU.Build.0 = Release|Any CPU
		{FD48538D-6CBC-4713-AA94-7CD14D4A6C47}.Debug|Any CPU.ActiveCfg = Debug|Any CPU
		{FD48538D-6CBC-4713-AA94-7CD14D4A6C47}.Debug|Any CPU.Build.0 = Debug|Any CPU
		{FD48538D-6CBC-4713-AA94-7CD14D4A6C47}.Release|Any CPU.ActiveCfg = Release|Any CPU
		{FD48538D-6CBC-4713-AA94-7CD14D4A6C47}.Release|Any CPU.Build.0 = Release|Any CPU
	EndGlobalSection
	GlobalSection(SolutionProperties) = preSolution
		HideSolutionNode = FALSE
	EndGlobalSection
	GlobalSection(NestedProjects) = preSolution
		{8315CE52-D835-468F-AFC2-04C8D108C133} = {4A7855D0-0DCF-4287-848A-EC4B94465EE5}
		{294CB511-03D5-4DE3-81B8-80C7C6A2DD40} = {4A7855D0-0DCF-4287-848A-EC4B94465EE5}
		{81F02866-2998-44FF-A143-8D441D6768D3} = {4A7855D0-0DCF-4287-848A-EC4B94465EE5}
		{38C324C6-1693-4787-A431-B937DBED4E5F} = {E4E1E57D-6231-411F-8DCF-E78B417385DF}
		{159A3E0E-26C5-41AD-898E-DD62822099E3} = {E4E1E57D-6231-411F-8DCF-E78B417385DF}
		{3447171D-DF31-44AD-B7A7-1BA0FB7BF1B6} = {E4E1E57D-6231-411F-8DCF-E78B417385DF}
		{17FC6A97-C35F-48E3-AA17-EEAE40B54ED9} = {E4E1E57D-6231-411F-8DCF-E78B417385DF}
		{21738D02-84A5-4EA1-9984-00C6521F1854} = {4A7855D0-0DCF-4287-848A-EC4B94465EE5}
		{FD48538D-6CBC-4713-AA94-7CD14D4A6C47} = {4A7855D0-0DCF-4287-848A-EC4B94465EE5}
	EndGlobalSection
	GlobalSection(ExtensibilityGlobals) = postSolution
		SolutionGuid = {1817117E-E7AA-49FE-B09A-CE1BFB967EA5}
	EndGlobalSection
EndGlobal
