
Microsoft Visual Studio Solution File, Format Version 12.00
# Visual Studio Version 17
VisualStudioVersion = 17.8.34330.188
MinimumVisualStudioVersion = 10.0.40219.1
Project("{9A19103F-16F7-4668-BE54-9A1E7A4F7556}") = "Swos.Domain", "Swos.Domain\Swos.Domain.csproj", "{BA8041A1-CC2B-450D-A0B7-1B4E789E9705}"
EndProject
Project("{9A19103F-16F7-4668-BE54-9A1E7A4F7556}") = "Common.OptionalExtension", "Common.OptionalExtension\Common.OptionalExtension.csproj", "{0AF8570D-D83D-4131-9B78-1A6B38C34088}"
EndProject
Project("{FAE04EC0-301F-11D3-BF4B-00C04F79EFBC}") = "Swos.Console", "Swos.Console\Swos.Console.csproj", "{AB7036B6-63F8-4AC1-AF5D-6DF90619DA44}"
EndProject
Global
	GlobalSection(SolutionConfigurationPlatforms) = preSolution
		Debug|Any CPU = Debug|Any CPU
		Release|Any CPU = Release|Any CPU
	EndGlobalSection
	GlobalSection(ProjectConfigurationPlatforms) = postSolution
		{BA8041A1-CC2B-450D-A0B7-1B4E789E9705}.Debug|Any CPU.ActiveCfg = Debug|Any CPU
		{BA8041A1-CC2B-450D-A0B7-1B4E789E9705}.Debug|Any CPU.Build.0 = Debug|Any CPU
		{BA8041A1-CC2B-450D-A0B7-1B4E789E9705}.Release|Any CPU.ActiveCfg = Release|Any CPU
		{BA8041A1-CC2B-450D-A0B7-1B4E789E9705}.Release|Any CPU.Build.0 = Release|Any CPU
		{0AF8570D-D83D-4131-9B78-1A6B38C34088}.Debug|Any CPU.ActiveCfg = Debug|Any CPU
		{0AF8570D-D83D-4131-9B78-1A6B38C34088}.Debug|Any CPU.Build.0 = Debug|Any CPU
		{0AF8570D-D83D-4131-9B78-1A6B38C34088}.Release|Any CPU.ActiveCfg = Release|Any CPU
		{0AF8570D-D83D-4131-9B78-1A6B38C34088}.Release|Any CPU.Build.0 = Release|Any CPU
		{AB7036B6-63F8-4AC1-AF5D-6DF90619DA44}.Debug|Any CPU.ActiveCfg = Debug|Any CPU
		{AB7036B6-63F8-4AC1-AF5D-6DF90619DA44}.Debug|Any CPU.Build.0 = Debug|Any CPU
		{AB7036B6-63F8-4AC1-AF5D-6DF90619DA44}.Release|Any CPU.ActiveCfg = Release|Any CPU
		{AB7036B6-63F8-4AC1-AF5D-6DF90619DA44}.Release|Any CPU.Build.0 = Release|Any CPU
	EndGlobalSection
	GlobalSection(SolutionProperties) = preSolution
		HideSolutionNode = FALSE
	EndGlobalSection
	GlobalSection(ExtensibilityGlobals) = postSolution
		SolutionGuid = {1817117E-E7AA-49FE-B09A-CE1BFB967EA5}
	EndGlobalSection
EndGlobal
